DEPENDENCIES
  site-chefcitypo3org
    path: .
    metadata: true

GRAPH
  apache2 (3.2.2)
  apt (2.9.2)
  backuppc (1.0.0)
    apache2 (>= 0.0.0)
    htpasswd (>= 0.0.0)
    ssl_certificates (>= 0.0.0)
    sudo (>= 0.0.0)
    user (>= 0.0.0)
  build-essential (4.0.0)
    mingw (>= 0.0.0)
    seven_zip (>= 0.0.0)
  chef-client (4.3.3)
    cron (>= 1.2.0)
    logrotate (>= 1.2.0)
    windows (>= 1.39.0)
  chef-dk (3.1.0)
    dmg (~> 2.2)
  chef-sugar (3.3.0)
  chef_handler (1.0.6)
  compat_resource (12.9.1)
  cpu (0.2.0)
  cron (1.7.6)
  database (5.1.2)
    postgresql (>= 1.0.0)
  dmg (2.4.0)
  etckeeper (1.0.4)
    chef_handler (>= 0.0.0)
    git (>= 0.0.0)
  firewall (2.5.0)
    chef-sugar (>= 0.0.0)
  git (4.2.4)
    build-essential (>= 0.0.0)
    dmg (>= 0.0.0)
    windows (>= 0.0.0)
    yum-epel (>= 0.0.0)
  htpasswd (0.2.4)
    python (>= 0.0.0)
  hwraid (1.1.2)
    apt (>= 0.0.0)
  iptables (2.2.0)
  java (1.39.0)
    apt (>= 0.0.0)
  jenkins (2.5.0)
    apt (~> 2.0)
    runit (~> 1.7)
    yum (~> 3.0)
  kvm (0.4.0)
    cpu (>= 0.0.0)
    modules (>= 0.0.0)
    ntp (>= 1.2.0)
    sysctl (>= 0.0.0)
    sysfs (>= 0.0.0)
  locales (1.1.2)
  logrotate (1.9.2)
  lvm (1.5.1)
  mingw (1.0.0)
    compat_resource (>= 0.0.0)
    seven_zip (>= 0.0.0)
  modules (0.2.0)
  motd (0.6.4)
    chef_handler (>= 0.0.0)
  mysql (7.1.0)
    smf (>= 0.0.0)
    yum-mysql-community (>= 0.0.0)
  nginx (1.8.0)
    apt (>= 0.0.0)
    build-essential (>= 0.0.0)
    ohai (>= 1.1.4)
    runit (>= 0.0.0)
    yum (>= 0.0.0)
  ntp (1.8.6)
  ohai (3.0.1)
  ohmyzsh (1.0.8)
    git (>= 0.0.0)
  omnibus_updater (1.1.0)
  openssh (1.3.4)
    iptables (>= 0.0.0)
  openssl (4.4.0)
    chef-sugar (>= 3.1.1)
  packagecloud (0.2.0)
  partial_search (1.0.9)
  postfix (3.7.0)
  postgresql (4.0.6)
    apt (>= 1.9.0)
    build-essential (>= 0.0.0)
    openssl (~> 4.0)
  python (1.4.6)
    build-essential (>= 0.0.0)
    yum-epel (>= 0.0.0)
  rbac (1.0.3)
  rsync (0.7.0)
  runit (1.7.8)
    packagecloud (>= 0.0.0)
  screen (0.7.0)
  seven_zip (2.0.0)
    windows (>= 1.2.2)
  site-chefcitypo3org (0.1.1)
    apt (>= 0.0.0)
    chef-dk (= 3.1.0)
    git (>= 0.0.0)
    java (= 1.39.0)
    jenkins (= 2.5.0)
    ssh_known_hosts (= 2.0.0)
    sudo (>= 0.0.0)
    t3-base (~> 0.2.0)
  smf (2.2.8)
    rbac (>= 1.0.1)
  ssh_known_hosts (2.0.0)
    partial_search (>= 0.0.0)
  ssl_certificates (1.1.3)
  sudo (2.6.0)
  sysctl (0.7.5)
    ohai (~> 3.0)
  sysfs (0.0.2)
  t3-base (0.2.50)
    apt (= 2.9.2)
    backuppc (~> 1.0.0)
    chef_handler (= 1.0.6)
    etckeeper (~> 1.0.0)
    git (= 4.2.4)
    hwraid (~> 1.1.0)
    locales (~> 1.1.0)
    logrotate (= 1.9.2)
    lvm (= 1.5.1)
    motd (= 0.6.4)
    ntp (= 1.8.6)
    ohmyzsh (~> 1.0.0)
    openssh (= 1.3.4)
    postfix (= 3.7.0)
    rsync (= 0.7.0)
    screen (= 0.7.0)
    sudo (= 2.6.0)
    t3-chef-client (~> 0.4.0)
    t3-kvm (~> 0.1.0)
    t3-openvz (~> 1.1.0)
    t3-zabbix (~> 0.2.0)
    users (= 2.0.3)
  t3-chef-client (0.4.2)
    chef-client (= 4.3.3)
    chef_handler (>= 0.0.0)
    omnibus_updater (= 1.1.0)
    runit (>= 0.0.0)
  t3-kvm (0.1.0)
    kvm (= 0.4.0)
  t3-openvz (1.1.2)
    chef-sugar (>= 0.0.0)
    ohai (>= 0.0.0)
    zabbix-custom-checks (>= 0.0.0)
  t3-zabbix (0.2.4)
    build-essential (>= 0.0.0)
    zabbix (= 0.0.43)
    zabbix-custom-checks (>= 0.0.0)
  ufw (1.0.0)
    firewall (>= 2.0)
  user (0.4.2)
  users (2.0.3)
  windows (1.40.0)
    chef_handler (>= 0.0.0)
  yum (3.10.0)
  yum-epel (0.7.0)
    yum (>= 3.6.3)
  yum-mysql-community (0.2.0)
    yum (>= 3.2)
  zabbix (0.0.43)
    apache2 (>= 1.0.8)
    database (>= 1.3.0)
    mysql (>= 1.3.0)
    postgresql (>= 0.0.0)
    ufw (>= 0.6.1)
    yum (>= 0.0.0)
  zabbix-custom-checks (0.2.5)
    apache2 (>= 0.0.0)
    chef_handler (>= 0.0.0)
    nginx (>= 0.0.0)
    sudo (>= 0.0.0)
    zabbix (>= 0.0.0)
