DEPENDENCIES
  fix-ipv6-kitchen-dokken
    path: test/fixtures/cookbooks/fix-ipv6-kitchen-dokken
  site-chefcitypo3org
    path: .
    metadata: true

GRAPH
  apache2 (4.0.0)
  apt (2.9.2)
  backuppc (1.0.2)
    apache2 (~> 4.0)
    apt (>= 0.0.0)
    htpasswd (>= 0.0.0)
    ssl_certificates (>= 0.0.0)
    sudo (>= 0.0.0)
    user (>= 0.0.0)
  build-essential (8.1.1)
    mingw (>= 1.1)
    seven_zip (>= 0.0.0)
  chef-client (4.3.3)
    cron (>= 1.2.0)
    logrotate (>= 1.2.0)
    windows (>= 1.39.0)
  chef-dk (3.1.0)
    dmg (~> 2.2)
  chef-sugar (4.0.0)
  chef-vault (1.3.3)
  chef_handler (1.4.0)
  compat_resource (12.19.1)
  cpu (2.0.0)
  cron (3.0.0)
  database (6.1.1)
    postgresql (>= 1.0.0)
  dmg (2.4.0)
  dpkg_autostart (0.2.0)
  etckeeper (1.0.4)
    chef_handler (>= 0.0.0)
    git (>= 0.0.0)
  firewall (2.6.3)
    chef-sugar (>= 0.0.0)
  fix-ipv6-kitchen-dokken (0.0.1)
  git (4.2.4)
    build-essential (>= 0.0.0)
    dmg (>= 0.0.0)
    windows (>= 0.0.0)
    yum-epel (>= 0.0.0)
  homebrew (5.0.4)
  htpasswd (0.3.0)
    poise-python (>= 0.0.0)
  hwraid (1.1.2)
    apt (>= 0.0.0)
  iptables (4.3.4)
  java (1.50.0)
    apt (>= 0.0.0)
    homebrew (>= 0.0.0)
    windows (>= 0.0.0)
  jenkins (5.0.2)
    compat_resource (>= 12.16.3)
    dpkg_autostart (>= 0.0.0)
    runit (>= 1.7)
  jenkins-chefci (0.2.1)
    chef-dk (>= 0.0.0)
    java (>= 0.0.0)
    jenkins (>= 0.0.0)
  kvm (0.4.0)
    cpu (>= 0.0.0)
    modules (>= 0.0.0)
    ntp (>= 1.2.0)
    sysctl (>= 0.0.0)
    sysfs (>= 0.0.0)
  locales (1.1.2)
  logrotate (1.9.2)
  lvm (1.5.1)
  mingw (2.0.2)
    seven_zip (>= 0.0.0)
  modules (0.2.0)
  motd (0.6.4)
    chef_handler (>= 0.0.0)
  mysql (8.5.1)
  ntp (1.8.6)
  ohai (4.2.3)
    compat_resource (>= 12.14.7)
  ohmyzsh (1.0.9)
    git (>= 0.0.0)
  omnibus_updater (1.1.0)
  openssh (2.1.0)
    iptables (>= 1.0)
  openssl (8.1.2)
  packagecloud (1.0.0)
  partial_search (1.0.9)
  poise (2.8.1)
  poise-archive (1.5.0)
    poise (~> 2.6)
  poise-languages (2.1.1)
    poise (~> 2.5)
    poise-archive (~> 1.0)
  poise-python (1.6.0)
    poise (~> 2.7)
    poise-languages (~> 2.0)
  postfix (3.7.0)
  postgresql (6.1.2)
    build-essential (>= 2.0.0)
    openssl (>= 4.0)
  runit (3.0.6)
    packagecloud (>= 0.0.0)
    yum-epel (>= 0.0.0)
  seven_zip (2.0.2)
    windows (>= 1.2.2)
  site-chefcitypo3org (0.0.0)
    apt (>= 0.0.0)
    chef-dk (= 3.1.0)
    git (>= 0.0.0)
    java (= 1.50.0)
    jenkins (= 5.0.2)
    jenkins-chefci (~> 0.2.0)
    ssh_known_hosts (= 2.0.0)
    sudo (>= 0.0.0)
    t3-base (~> 0.2.0)
    t3-chef-vault (~> 1.0.0)
  ssh_known_hosts (2.0.0)
    partial_search (>= 0.0.0)
  ssl_certificates (1.1.3)
  sudo (2.6.0)
  sysctl (0.10.2)
    ohai (>= 4.0)
  sysfs (0.0.2)
  systemd (2.1.3)
  t3-base (0.2.69)
    apt (= 2.9.2)
    backuppc (~> 1.0.0)
    chef_handler (= 1.4.0)
    cron (< 4.0.0)
    etckeeper (~> 1.0.0)
    git (= 4.2.4)
    hwraid (~> 1.1.0)
    locales (~> 1.1.0)
    logrotate (= 1.9.2)
    lvm (= 1.5.1)
    motd (= 0.6.4)
    ntp (= 1.8.6)
    ohai (< 5.0.0)
    ohmyzsh (~> 1.0.0)
    openssh (= 2.1.0)
    postfix (= 3.7.0)
    sudo (= 2.6.0)
    t3-chef-client (~> 0.5.0)
    t3-kvm (~> 1.0.0)
    t3-openvz (~> 2.0.0)
    t3-zabbix (~> 1.0.0)
    users (= 2.0.3)
  t3-chef-client (0.5.5)
    chef-client (= 4.3.3)
    chef_handler (>= 0.0.0)
    omnibus_updater (= 1.1.0)
    runit (< 4.0.0)
  t3-chef-vault (1.0.4)
    chef-vault (~> 1.3.3)
  t3-kvm (1.0.0)
    kvm (= 0.4.0)
    ohai (>= 0.0.0)
    sysctl (>= 0.0.0)
  t3-openvz (2.0.3)
    chef-sugar (>= 0.0.0)
    ohai (>= 0.0.0)
    zabbix-custom-checks (>= 0.0.0)
  t3-zabbix (1.0.4)
    apt (>= 0.0.0)
    build-essential (>= 0.0.0)
    chef_handler (< 3.0.0)
    systemd (= 2.1.3)
    zabbix (= 0.0.43)
    zabbix-custom-checks (>= 0.0.0)
  ufw (3.1.1)
    firewall (>= 2.0)
  user (0.7.0)
  users (2.0.3)
  windows (4.2.0)
  yum (5.1.0)
  yum-epel (3.1.0)
  zabbix (0.0.43)
    apache2 (>= 1.0.8)
    database (>= 1.3.0)
    mysql (>= 1.3.0)
    postgresql (>= 0.0.0)
    ufw (>= 0.6.1)
    yum (>= 0.0.0)
  zabbix-custom-checks (0.2.9)
    zabbix (>= 0.0.0)
